{
  "version": 4,
  "terraform_version": "1.14.7",
  "serial": 255,
  "lineage": "d11e1154-d204-53d3-d9ba-ca5188b1c87c",
  "outputs": {},
  "resources": [
    {
      "mode": "managed",
      "type": "azurerm_application_gateway",
      "name": "appgw",
      "provider": "provider[\"registry.terraform.io/hashicorp/azurerm\"]",
      "instances": [
        {
          "schema_version": 0,
          "attributes": {
            "authentication_certificate": [],
            "autoscale_configuration": [],
            "backend_address_pool": [
              {
                "fqdns": [],
                "id": "/subscriptions/32cfe244-c541-4455-830a-3b973667df4c/resourceGroups/rg-retail-hardened-prod/providers/Microsoft.Network/applicationGateways/agw-retail-waf/backendAddressPools/backend-pool",
                "ip_addresses": [],
                "name": "backend-pool"
              }
            ],
            "backend_http_settings": [
              {
                "affinity_cookie_name": "",
                "authentication_certificate": [],
                "connection_draining": [],
                "cookie_based_affinity": "Disabled",
                "dedicated_backend_connection_enabled": false,
                "host_name": "",
                "id": "/subscriptions/32cfe244-c541-4455-830a-3b973667df4c/resourceGroups/rg-retail-hardened-prod/providers/Microsoft.Network/applicationGateways/agw-retail-waf/backendHttpSettingsCollection/http-settings",
                "name": "http-settings",
                "path": "/",
                "pick_host_name_from_backend_address": false,
                "port": 80,
                "probe_id": "",
                "probe_name": "",
                "protocol": "Http",
                "request_timeout": 60,
                "trusted_root_certificate_names": []
              }
            ],
            "custom_error_configuration": [],
            "enable_http2": false,
            "fips_enabled": false,
            "firewall_policy_id": "/subscriptions/32cfe244-c541-4455-830a-3b973667df4c/resourceGroups/rg-retail-hardened-prod/providers/Microsoft.Network/applicationGatewayWebApplicationFirewallPolicies/waf-retail-policy",
            "force_firewall_policy_association": false,
            "frontend_ip_configuration": [
              {
                "id": "/subscriptions/32cfe244-c541-4455-830a-3b973667df4c/resourceGroups/rg-retail-hardened-prod/providers/Microsoft.Network/applicationGateways/agw-retail-waf/frontendIPConfigurations/my-frontend-ip-configuration",
                "name": "my-frontend-ip-configuration",
                "private_ip_address": "",
                "private_ip_address_allocation": "Dynamic",
                "private_link_configuration_id": "",
                "private_link_configuration_name": "",
                "public_ip_address_id": "/subscriptions/32cfe244-c541-4455-830a-3b973667df4c/resourceGroups/rg-retail-hardened-prod/providers/Microsoft.Network/publicIPAddresses/pip-retail-appgw",
                "subnet_id": ""
              }
            ],
            "frontend_port": [
              {
                "id": "/subscriptions/32cfe244-c541-4455-830a-3b973667df4c/resourceGroups/rg-retail-hardened-prod/providers/Microsoft.Network/applicationGateways/agw-retail-waf/frontendPorts/http-port",
                "name": "http-port",
                "port": 80
              }
            ],
            "gateway_ip_configuration": [
              {
                "id": "/subscriptions/32cfe244-c541-4455-830a-3b973667df4c/resourceGroups/rg-retail-hardened-prod/providers/Microsoft.Network/applicationGateways/agw-retail-waf/gatewayIPConfigurations/my-gateway-ip-configuration",
                "name": "my-gateway-ip-configuration",
                "subnet_id": "/subscriptions/32cfe244-c541-4455-830a-3b973667df4c/resourceGroups/rg-retail-hardened-prod/providers/Microsoft.Network/virtualNetworks/vnet-retail-prod/subnets/frontend-subnet"
              }
            ],
            "global": [],
            "http2_enabled": false,
            "http_listener": [
              {
                "custom_error_configuration": [],
                "firewall_policy_id": "",
                "frontend_ip_configuration_id": "/subscriptions/32cfe244-c541-4455-830a-3b973667df4c/resourceGroups/rg-retail-hardened-prod/providers/Microsoft.Network/applicationGateways/agw-retail-waf/frontendIPConfigurations/my-frontend-ip-configuration",
                "frontend_ip_configuration_name": "my-frontend-ip-configuration",
                "frontend_port_id": "/subscriptions/32cfe244-c541-4455-830a-3b973667df4c/resourceGroups/rg-retail-hardened-prod/providers/Microsoft.Network/applicationGateways/agw-retail-waf/frontendPorts/http-port",
                "frontend_port_name": "http-port",
                "host_name": "",
                "host_names": [],
                "id": "/subscriptions/32cfe244-c541-4455-830a-3b973667df4c/resourceGroups/rg-retail-hardened-prod/providers/Microsoft.Network/applicationGateways/agw-retail-waf/httpListeners/listener",
                "name": "listener",
                "protocol": "Http",
                "require_sni": false,
                "ssl_certificate_id": "",
                "ssl_certificate_name": "",
                "ssl_profile_id": "",
                "ssl_profile_name": ""
              }
            ],
            "id": "/subscriptions/32cfe244-c541-4455-830a-3b973667df4c/resourceGroups/rg-retail-hardened-prod/providers/Microsoft.Network/applicationGateways/agw-retail-waf",
            "identity": [],
            "location": "centralindia",
            "name": "agw-retail-waf",
            "private_endpoint_connection": [],
            "private_link_configuration": [],
            "probe": [],
            "redirect_configuration": [],
            "request_routing_rule": [
              {
                "backend_address_pool_id": "/subscriptions/32cfe244-c541-4455-830a-3b973667df4c/resourceGroups/rg-retail-hardened-prod/providers/Microsoft.Network/applicationGateways/agw-retail-waf/backendAddressPools/backend-pool",
                "backend_address_pool_name": "backend-pool",
                "backend_http_settings_id": "/subscriptions/32cfe244-c541-4455-830a-3b973667df4c/resourceGroups/rg-retail-hardened-prod/providers/Microsoft.Network/applicationGateways/agw-retail-waf/backendHttpSettingsCollection/http-settings",
                "backend_http_settings_name": "http-settings",
                "http_listener_id": "/subscriptions/32cfe244-c541-4455-830a-3b973667df4c/resourceGroups/rg-retail-hardened-prod/providers/Microsoft.Network/applicationGateways/agw-retail-waf/httpListeners/listener",
                "http_listener_name": "listener",
                "id": "/subscriptions/32cfe244-c541-4455-830a-3b973667df4c/resourceGroups/rg-retail-hardened-prod/providers/Microsoft.Network/applicationGateways/agw-retail-waf/requestRoutingRules/routing-rule",
                "name": "routing-rule",
                "priority": 100,
                "redirect_configuration_id": "",
                "redirect_configuration_name": "",
                "rewrite_rule_set_id": "",
                "rewrite_rule_set_name": "",
                "rule_type": "Basic",
                "url_path_map_id": "",
                "url_path_map_name": ""
              }
            ],
            "resource_group_name": "rg-retail-hardened-prod",
            "rewrite_rule_set": [],
            "sku": [
              {
                "capacity": 1,
                "name": "WAF_v2",
                "tier": "WAF_v2"
              }
            ],
            "ssl_certificate": [],
            "ssl_policy": [
              {
                "cipher_suites": [],
                "disabled_protocols": [],
                "min_protocol_version": "",
                "policy_name": "AppGwSslPolicy20220101",
                "policy_type": "Predefined"
              }
            ],
            "ssl_profile": [],
            "tags": {},
            "timeouts": null,
            "trusted_client_certificate": [],
            "trusted_root_certificate": [],
            "url_path_map": [],
            "waf_configuration": [],
            "zones": []
          },
          "sensitive_attributes": [],
          "identity_schema_version": 0,
          "identity": {
            "name": "agw-retail-waf",
            "resource_group_name": "rg-retail-hardened-prod",
            "subscription_id": "32cfe244-c541-4455-830a-3b973667df4c"
          },
          "private": "eyJlMmJmYjczMC1lY2FhLTExZTYtOGY4OC0zNDM2M2JjN2M0YzAiOnsiY3JlYXRlIjo1NDAwMDAwMDAwMDAwLCJkZWxldGUiOjU0MDAwMDAwMDAwMDAsInJlYWQiOjMwMDAwMDAwMDAwMCwidXBkYXRlIjo1NDAwMDAwMDAwMDAwfX0=",
          "dependencies": [
            "azurerm_public_ip.appgw_ip",
            "azurerm_resource_group.rg",
            "azurerm_subnet.frontend",
            "azurerm_virtual_network.vnet",
            "azurerm_web_application_firewall_policy.waf_policy"
          ]
        }
      ]
    },
    {
      "mode": "managed",
      "type": "azurerm_network_interface",
      "name": "vm_nic",
      "provider": "provider[\"registry.terraform.io/hashicorp/azurerm\"]",
      "instances": [
        {
          "schema_version": 0,
          "attributes": {
            "accelerated_networking_enabled": false,
            "applied_dns_servers": [],
            "auxiliary_mode": "",
            "auxiliary_sku": "",
            "dns_servers": [],
            "edge_zone": "",
            "id": "/subscriptions/32cfe244-c541-4455-830a-3b973667df4c/resourceGroups/rg-retail-hardened-prod/providers/Microsoft.Network/networkInterfaces/nic-retail-web",
            "internal_dns_name_label": "",
            "internal_domain_name_suffix": "et4lezabahwehiyves3lhusogb.rx.internal.cloudapp.net",
            "ip_configuration": [
              {
                "gateway_load_balancer_frontend_ip_configuration_id": "",
                "name": "internal",
                "primary": true,
                "private_ip_address": "10.0.2.4",
                "private_ip_address_allocation": "Dynamic",
                "private_ip_address_version": "IPv4",
                "public_ip_address_id": "",
                "subnet_id": "/subscriptions/32cfe244-c541-4455-830a-3b973667df4c/resourceGroups/rg-retail-hardened-prod/providers/Microsoft.Network/virtualNetworks/vnet-retail-prod/subnets/backend-subnet"
              }
            ],
            "ip_forwarding_enabled": false,
            "location": "centralindia",
            "mac_address": "60-45-BD-AA-E6-F4",
            "name": "nic-retail-web",
            "private_ip_address": "10.0.2.4",
            "private_ip_addresses": [
              "10.0.2.4"
            ],
            "resource_group_name": "rg-retail-hardened-prod",
            "tags": {},
            "timeouts": null,
            "virtual_machine_id": "/subscriptions/32cfe244-c541-4455-830a-3b973667df4c/resourceGroups/rg-retail-hardened-prod/providers/Microsoft.Compute/virtualMachines/vm-retail-web"
          },
          "sensitive_attributes": [],
          "identity_schema_version": 0,
          "identity": {
            "name": "nic-retail-web",
            "resource_group_name": "rg-retail-hardened-prod",
            "subscription_id": "32cfe244-c541-4455-830a-3b973667df4c"
          },
          "private": "eyJlMmJmYjczMC1lY2FhLTExZTYtOGY4OC0zNDM2M2JjN2M0YzAiOnsiY3JlYXRlIjoxODAwMDAwMDAwMDAwLCJkZWxldGUiOjE4MDAwMDAwMDAwMDAsInJlYWQiOjMwMDAwMDAwMDAwMCwidXBkYXRlIjoxODAwMDAwMDAwMDAwfX0=",
          "dependencies": [
            "azurerm_resource_group.rg",
            "azurerm_subnet.backend",
            "azurerm_virtual_network.vnet"
          ]
        }
      ]
    },
    {
      "mode": "managed",
      "type": "azurerm_network_interface_application_gateway_backend_address_pool_association",
      "name": "nic_assoc",
      "provider": "provider[\"registry.terraform.io/hashicorp/azurerm\"]",
      "instances": [
        {
          "schema_version": 0,
          "attributes": {
            "backend_address_pool_id": "/subscriptions/32cfe244-c541-4455-830a-3b973667df4c/resourceGroups/rg-retail-hardened-prod/providers/Microsoft.Network/applicationGateways/agw-retail-waf/backendAddressPools/backend-pool",
            "id": "/subscriptions/32cfe244-c541-4455-830a-3b973667df4c/resourceGroups/rg-retail-hardened-prod/providers/Microsoft.Network/networkInterfaces/nic-retail-web/ipConfigurations/internal|/subscriptions/32cfe244-c541-4455-830a-3b973667df4c/resourceGroups/rg-retail-hardened-prod/providers/Microsoft.Network/applicationGateways/agw-retail-waf/backendAddressPools/backend-pool",
            "ip_configuration_name": "internal",
            "network_interface_id": "/subscriptions/32cfe244-c541-4455-830a-3b973667df4c/resourceGroups/rg-retail-hardened-prod/providers/Microsoft.Network/networkInterfaces/nic-retail-web",
            "timeouts": null
          },
          "sensitive_attributes": [],
          "identity_schema_version": 0,
          "private": "eyJlMmJmYjczMC1lY2FhLTExZTYtOGY4OC0zNDM2M2JjN2M0YzAiOnsiY3JlYXRlIjoxODAwMDAwMDAwMDAwLCJkZWxldGUiOjE4MDAwMDAwMDAwMDAsInJlYWQiOjMwMDAwMDAwMDAwMH19",
          "dependencies": [
            "azurerm_application_gateway.appgw",
            "azurerm_network_interface.vm_nic",
            "azurerm_public_ip.appgw_ip",
            "azurerm_resource_group.rg",
            "azurerm_subnet.backend",
            "azurerm_subnet.frontend",
            "azurerm_virtual_network.vnet",
            "azurerm_web_application_firewall_policy.waf_policy"
          ]
        }
      ]
    },
    {
      "mode": "managed",
      "type": "azurerm_public_ip",
      "name": "appgw_ip",
      "provider": "provider[\"registry.terraform.io/hashicorp/azurerm\"]",
      "instances": [
        {
          "schema_version": 0,
          "attributes": {
            "allocation_method": "Static",
            "ddos_protection_mode": "VirtualNetworkInherited",
            "ddos_protection_plan_id": null,
            "domain_name_label": null,
            "domain_name_label_scope": null,
            "edge_zone": "",
            "fqdn": null,
            "id": "/subscriptions/32cfe244-c541-4455-830a-3b973667df4c/resourceGroups/rg-retail-hardened-prod/providers/Microsoft.Network/publicIPAddresses/pip-retail-appgw",
            "idle_timeout_in_minutes": 4,
            "ip_address": "104.211.93.39",
            "ip_tags": {},
            "ip_version": "IPv4",
            "location": "centralindia",
            "name": "pip-retail-appgw",
            "public_ip_prefix_id": null,
            "resource_group_name": "rg-retail-hardened-prod",
            "reverse_fqdn": null,
            "sku": "Standard",
            "sku_tier": "Regional",
            "tags": {},
            "timeouts": null,
            "zones": []
          },
          "sensitive_attributes": [],
          "identity_schema_version": 0,
          "identity": {
            "name": "pip-retail-appgw",
            "resource_group_name": "rg-retail-hardened-prod",
            "subscription_id": "32cfe244-c541-4455-830a-3b973667df4c"
          },
          "private": "eyJlMmJmYjczMC1lY2FhLTExZTYtOGY4OC0zNDM2M2JjN2M0YzAiOnsiY3JlYXRlIjoxODAwMDAwMDAwMDAwLCJkZWxldGUiOjE4MDAwMDAwMDAwMDAsInJlYWQiOjMwMDAwMDAwMDAwMCwidXBkYXRlIjoxODAwMDAwMDAwMDAwfX0=",
          "dependencies": [
            "azurerm_resource_group.rg"
          ]
        }
      ]
    },
    {
      "mode": "managed",
      "type": "azurerm_resource_group",
      "name": "rg",
      "provider": "provider[\"registry.terraform.io/hashicorp/azurerm\"]",
      "instances": [
        {
          "schema_version": 0,
          "attributes": {
            "id": "/subscriptions/32cfe244-c541-4455-830a-3b973667df4c/resourceGroups/rg-retail-hardened-prod",
            "location": "centralindia",
            "managed_by": "",
            "name": "rg-retail-hardened-prod",
            "tags": {
              "Environment": "Production",
              "ManagedBy": "Terraform",
              "Project": "Hardened-Retail-Infrastructure"
            },
            "timeouts": null
          },
          "sensitive_attributes": [],
          "identity_schema_version": 0,
          "identity": {
            "name": "rg-retail-hardened-prod",
            "subscription_id": "32cfe244-c541-4455-830a-3b973667df4c"
          },
          "private": "eyJlMmJmYjczMC1lY2FhLTExZTYtOGY4OC0zNDM2M2JjN2M0YzAiOnsiY3JlYXRlIjo1NDAwMDAwMDAwMDAwLCJkZWxldGUiOjU0MDAwMDAwMDAwMDAsInJlYWQiOjMwMDAwMDAwMDAwMCwidXBkYXRlIjo1NDAwMDAwMDAwMDAwfX0="
        }
      ]
    },
    {
      "mode": "managed",
      "type": "azurerm_subnet",
      "name": "backend",
      "provider": "provider[\"registry.terraform.io/hashicorp/azurerm\"]",
      "instances": [
        {
          "schema_version": 0,
          "attributes": {
            "address_prefixes": [
              "10.0.2.0/24"
            ],
            "default_outbound_access_enabled": true,
            "delegation": [],
            "id": "/subscriptions/32cfe244-c541-4455-830a-3b973667df4c/resourceGroups/rg-retail-hardened-prod/providers/Microsoft.Network/virtualNetworks/vnet-retail-prod/subnets/backend-subnet",
            "ip_address_pool": [],
            "name": "backend-subnet",
            "private_endpoint_network_policies": "Disabled",
            "private_link_service_network_policies_enabled": true,
            "resource_group_name": "rg-retail-hardened-prod",
            "service_endpoint_policy_ids": [],
            "service_endpoints": [
              "Microsoft.Sql"
            ],
            "sharing_scope": "",
            "timeouts": null,
            "virtual_network_name": "vnet-retail-prod"
          },
          "sensitive_attributes": [],
          "identity_schema_version": 0,
          "identity": {
            "name": "backend-subnet",
            "resource_group_name": "rg-retail-hardened-prod",
            "subscription_id": "32cfe244-c541-4455-830a-3b973667df4c",
            "virtual_network_name": "vnet-retail-prod"
          },
          "private": "eyJlMmJmYjczMC1lY2FhLTExZTYtOGY4OC0zNDM2M2JjN2M0YzAiOnsiY3JlYXRlIjoxODAwMDAwMDAwMDAwLCJkZWxldGUiOjE4MDAwMDAwMDAwMDAsInJlYWQiOjMwMDAwMDAwMDAwMCwidXBkYXRlIjoxODAwMDAwMDAwMDAwfX0=",
          "dependencies": [
            "azurerm_resource_group.rg",
            "azurerm_virtual_network.vnet"
          ]
        }
      ]
    },
    {
      "mode": "managed",
      "type": "azurerm_subnet",
      "name": "frontend",
      "provider": "provider[\"registry.terraform.io/hashicorp/azurerm\"]",
      "instances": [
        {
          "schema_version": 0,
          "attributes": {
            "address_prefixes": [
              "10.0.1.0/24"
            ],
            "default_outbound_access_enabled": true,
            "delegation": [],
            "id": "/subscriptions/32cfe244-c541-4455-830a-3b973667df4c/resourceGroups/rg-retail-hardened-prod/providers/Microsoft.Network/virtualNetworks/vnet-retail-prod/subnets/frontend-subnet",
            "ip_address_pool": [],
            "name": "frontend-subnet",
            "private_endpoint_network_policies": "Disabled",
            "private_link_service_network_policies_enabled": true,
            "resource_group_name": "rg-retail-hardened-prod",
            "service_endpoint_policy_ids": [],
            "service_endpoints": [],
            "sharing_scope": "",
            "timeouts": null,
            "virtual_network_name": "vnet-retail-prod"
          },
          "sensitive_attributes": [],
          "identity_schema_version": 0,
          "identity": {
            "name": "frontend-subnet",
            "resource_group_name": "rg-retail-hardened-prod",
            "subscription_id": "32cfe244-c541-4455-830a-3b973667df4c",
            "virtual_network_name": "vnet-retail-prod"
          },
          "private": "eyJlMmJmYjczMC1lY2FhLTExZTYtOGY4OC0zNDM2M2JjN2M0YzAiOnsiY3JlYXRlIjoxODAwMDAwMDAwMDAwLCJkZWxldGUiOjE4MDAwMDAwMDAwMDAsInJlYWQiOjMwMDAwMDAwMDAwMCwidXBkYXRlIjoxODAwMDAwMDAwMDAwfX0=",
          "dependencies": [
            "azurerm_resource_group.rg",
            "azurerm_virtual_network.vnet"
          ]
        }
      ]
    },
    {
      "mode": "managed",
      "type": "azurerm_virtual_network",
      "name": "vnet",
      "provider": "provider[\"registry.terraform.io/hashicorp/azurerm\"]",
      "instances": [
        {
          "schema_version": 0,
          "attributes": {
            "address_space": [
              "10.0.0.0/16"
            ],
            "bgp_community": "",
            "ddos_protection_plan": [],
            "dns_servers": [],
            "edge_zone": "",
            "encryption": [],
            "flow_timeout_in_minutes": 0,
            "guid": "64b2fc24-0101-43ec-a315-24bab3d24e31",
            "id": "/subscriptions/32cfe244-c541-4455-830a-3b973667df4c/resourceGroups/rg-retail-hardened-prod/providers/Microsoft.Network/virtualNetworks/vnet-retail-prod",
            "ip_address_pool": [],
            "location": "centralindia",
            "name": "vnet-retail-prod",
            "private_endpoint_vnet_policies": "Disabled",
            "resource_group_name": "rg-retail-hardened-prod",
            "subnet": [
              {
                "address_prefixes": [
                  "10.0.1.0/24"
                ],
                "default_outbound_access_enabled": true,
                "delegation": [],
                "id": "/subscriptions/32cfe244-c541-4455-830a-3b973667df4c/resourceGroups/rg-retail-hardened-prod/providers/Microsoft.Network/virtualNetworks/vnet-retail-prod/subnets/frontend-subnet",
                "name": "frontend-subnet",
                "private_endpoint_network_policies": "Disabled",
                "private_link_service_network_policies_enabled": true,
                "route_table_id": "",
                "security_group": "",
                "service_endpoint_policy_ids": [],
                "service_endpoints": []
              },
              {
                "address_prefixes": [
                  "10.0.2.0/24"
                ],
                "default_outbound_access_enabled": true,
                "delegation": [],
                "id": "/subscriptions/32cfe244-c541-4455-830a-3b973667df4c/resourceGroups/rg-retail-hardened-prod/providers/Microsoft.Network/virtualNetworks/vnet-retail-prod/subnets/backend-subnet",
                "name": "backend-subnet",
                "private_endpoint_network_policies": "Disabled",
                "private_link_service_network_policies_enabled": true,
                "route_table_id": "",
                "security_group": "/subscriptions/32cfe244-c541-4455-830a-3b973667df4c/resourceGroups/rg-retail-hardened-prod/providers/Microsoft.Network/networkSecurityGroups/nsg-backend-prod",
                "service_endpoint_policy_ids": [],
                "service_endpoints": [
                  "Microsoft.Sql"
                ]
              }
            ],
            "tags": {},
            "timeouts": null
          },
          "sensitive_attributes": [],
          "identity_schema_version": 0,
          "identity": {
            "name": "vnet-retail-prod",
            "resource_group_name": "rg-retail-hardened-prod",
            "subscription_id": "32cfe244-c541-4455-830a-3b973667df4c"
          },
          "private": "eyJlMmJmYjczMC1lY2FhLTExZTYtOGY4OC0zNDM2M2JjN2M0YzAiOnsiY3JlYXRlIjoxODAwMDAwMDAwMDAwLCJkZWxldGUiOjE4MDAwMDAwMDAwMDAsInJlYWQiOjMwMDAwMDAwMDAwMCwidXBkYXRlIjoxODAwMDAwMDAwMDAwfX0=",
          "dependencies": [
            "azurerm_resource_group.rg"
          ]
        }
      ]
    },
    {
      "mode": "managed",
      "type": "azurerm_web_application_firewall_policy",
      "name": "waf_policy",
      "provider": "provider[\"registry.terraform.io/hashicorp/azurerm\"]",
      "instances": [
        {
          "schema_version": 1,
          "attributes": {
            "custom_rules": [],
            "http_listener_ids": [],
            "id": "/subscriptions/32cfe244-c541-4455-830a-3b973667df4c/resourceGroups/rg-retail-hardened-prod/providers/Microsoft.Network/applicationGatewayWebApplicationFirewallPolicies/waf-retail-policy",
            "location": "centralindia",
            "managed_rules": [
              {
                "exclusion": [],
                "managed_rule_set": [
                  {
                    "rule_group_override": [],
                    "type": "OWASP",
                    "version": "3.2"
                  }
                ]
              }
            ],
            "name": "waf-retail-policy",
            "path_based_rule_ids": [],
            "policy_settings": [
              {
                "enabled": true,
                "file_upload_enforcement": false,
                "file_upload_limit_in_mb": 100,
                "js_challenge_cookie_expiration_in_minutes": 30,
                "log_scrubbing": [],
                "max_request_body_size_in_kb": 128,
                "mode": "Prevention",
                "request_body_check": true,
                "request_body_enforcement": true,
                "request_body_inspect_limit_in_kb": 128
              }
            ],
            "resource_group_name": "rg-retail-hardened-prod",
            "tags": {},
            "timeouts": null
          },
          "sensitive_attributes": [],
          "identity_schema_version": 0,
          "identity": {
            "name": "waf-retail-policy",
            "resource_group_name": "rg-retail-hardened-prod",
            "subscription_id": "32cfe244-c541-4455-830a-3b973667df4c"
          },
          "private": "eyJlMmJmYjczMC1lY2FhLTExZTYtOGY4OC0zNDM2M2JjN2M0YzAiOnsiY3JlYXRlIjoxODAwMDAwMDAwMDAwLCJkZWxldGUiOjE4MDAwMDAwMDAwMDAsInJlYWQiOjMwMDAwMDAwMDAwMCwidXBkYXRlIjoxODAwMDAwMDAwMDAwfSwic2NoZW1hX3ZlcnNpb24iOiIxIn0=",
          "dependencies": [
            "azurerm_resource_group.rg"
          ]
        }
      ]
    }
  ],
  "check_results": null
}
